
Microsoft Visual Studio Solution File, Format Version 12.00
# Visual Studio 15
VisualStudioVersion = 15.0.26124.0
MinimumVisualStudioVersion = 15.0.26124.0
Project("{FAE04EC0-301F-11D3-BF4B-00C04F79EFBC}") = "Project2", "Project2\Project2.csproj", "{64F82A3B-AFEE-417B-A9F3-EB3AAFF05DCA}"
EndProject
Project("{FAE04EC0-301F-11D3-BF4B-00C04F79EFBC}") = "Project2.Test", "Project2.Test\Project2.Test.csproj", "{3F45B8FF-96BE-4E5A-B7BF-F6A28D9D410D}"
EndProject
Project("{FAE04EC0-301F-11D3-BF4B-00C04F79EFBC}") = "Project3", "Project3\Project3.csproj", "{B46F7786-2ADF-47A1-B89E-E4244CE519F9}"
EndProject
Project("{FAE04EC0-301F-11D3-BF4B-00C04F79EFBC}") = "Project3.Test", "Project3.Test\Project3.Test.csproj", "{E10AC33F-4ED0-4FD3-91A4-3AEB20F04316}"
EndProject
Global
	GlobalSection(SolutionConfigurationPlatforms) = preSolution
		Debug|Any CPU = Debug|Any CPU
		Debug|x64 = Debug|x64
		Debug|x86 = Debug|x86
		Release|Any CPU = Release|Any CPU
		Release|x64 = Release|x64
		Release|x86 = Release|x86
	EndGlobalSection
	GlobalSection(SolutionProperties) = preSolution
		HideSolutionNode = FALSE
	EndGlobalSection
	GlobalSection(ProjectConfigurationPlatforms) = postSolution
		{64F82A3B-AFEE-417B-A9F3-EB3AAFF05DCA}.Debug|Any CPU.ActiveCfg = Debug|Any CPU
		{64F82A3B-AFEE-417B-A9F3-EB3AAFF05DCA}.Debug|Any CPU.Build.0 = Debug|Any CPU
		{64F82A3B-AFEE-417B-A9F3-EB3AAFF05DCA}.Debug|x64.ActiveCfg = Debug|Any CPU
		{64F82A3B-AFEE-417B-A9F3-EB3AAFF05DCA}.Debug|x64.Build.0 = Debug|Any CPU
		{64F82A3B-AFEE-417B-A9F3-EB3AAFF05DCA}.Debug|x86.ActiveCfg = Debug|Any CPU
		{64F82A3B-AFEE-417B-A9F3-EB3AAFF05DCA}.Debug|x86.Build.0 = Debug|Any CPU
		{64F82A3B-AFEE-417B-A9F3-EB3AAFF05DCA}.Release|Any CPU.ActiveCfg = Release|Any CPU
		{64F82A3B-AFEE-417B-A9F3-EB3AAFF05DCA}.Release|Any CPU.Build.0 = Release|Any CPU
		{64F82A3B-AFEE-417B-A9F3-EB3AAFF05DCA}.Release|x64.ActiveCfg = Release|Any CPU
		{64F82A3B-AFEE-417B-A9F3-EB3AAFF05DCA}.Release|x64.Build.0 = Release|Any CPU
		{64F82A3B-AFEE-417B-A9F3-EB3AAFF05DCA}.Release|x86.ActiveCfg = Release|Any CPU
		{64F82A3B-AFEE-417B-A9F3-EB3AAFF05DCA}.Release|x86.Build.0 = Release|Any CPU
		{3F45B8FF-96BE-4E5A-B7BF-F6A28D9D410D}.Debug|Any CPU.ActiveCfg = Debug|Any CPU
		{3F45B8FF-96BE-4E5A-B7BF-F6A28D9D410D}.Debug|Any CPU.Build.0 = Debug|Any CPU
		{3F45B8FF-96BE-4E5A-B7BF-F6A28D9D410D}.Debug|x64.ActiveCfg = Debug|Any CPU
		{3F45B8FF-96BE-4E5A-B7BF-F6A28D9D410D}.Debug|x64.Build.0 = Debug|Any CPU
		{3F45B8FF-96BE-4E5A-B7BF-F6A28D9D410D}.Debug|x86.ActiveCfg = Debug|Any CPU
		{3F45B8FF-96BE-4E5A-B7BF-F6A28D9D410D}.Debug|x86.Build.0 = Debug|Any CPU
		{3F45B8FF-96BE-4E5A-B7BF-F6A28D9D410D}.Release|Any CPU.ActiveCfg = Release|Any CPU
		{3F45B8FF-96BE-4E5A-B7BF-F6A28D9D410D}.Release|Any CPU.Build.0 = Release|Any CPU
		{3F45B8FF-96BE-4E5A-B7BF-F6A28D9D410D}.Release|x64.ActiveCfg = Release|Any CPU
		{3F45B8FF-96BE-4E5A-B7BF-F6A28D9D410D}.Release|x64.Build.0 = Release|Any CPU
		{3F45B8FF-96BE-4E5A-B7BF-F6A28D9D410D}.Release|x86.ActiveCfg = Release|Any CPU
		{3F45B8FF-96BE-4E5A-B7BF-F6A28D9D410D}.Release|x86.Build.0 = Release|Any CPU
		{B46F7786-2ADF-47A1-B89E-E4244CE519F9}.Debug|Any CPU.ActiveCfg = Debug|Any CPU
		{B46F7786-2ADF-47A1-B89E-E4244CE519F9}.Debug|Any CPU.Build.0 = Debug|Any CPU
		{B46F7786-2ADF-47A1-B89E-E4244CE519F9}.Debug|x64.ActiveCfg = Debug|Any CPU
		{B46F7786-2ADF-47A1-B89E-E4244CE519F9}.Debug|x64.Build.0 = Debug|Any CPU
		{B46F7786-2ADF-47A1-B89E-E4244CE519F9}.Debug|x86.ActiveCfg = Debug|Any CPU
		{B46F7786-2ADF-47A1-B89E-E4244CE519F9}.Debug|x86.Build.0 = Debug|Any CPU
		{B46F7786-2ADF-47A1-B89E-E4244CE519F9}.Release|Any CPU.ActiveCfg = Release|Any CPU
		{B46F7786-2ADF-47A1-B89E-E4244CE519F9}.Release|Any CPU.Build.0 = Release|Any CPU
		{B46F7786-2ADF-47A1-B89E-E4244CE519F9}.Release|x64.ActiveCfg = Release|Any CPU
		{B46F7786-2ADF-47A1-B89E-E4244CE519F9}.Release|x64.Build.0 = Release|Any CPU
		{B46F7786-2ADF-47A1-B89E-E4244CE519F9}.Release|x86.ActiveCfg = Release|Any CPU
		{B46F7786-2ADF-47A1-B89E-E4244CE519F9}.Release|x86.Build.0 = Release|Any CPU
		{E10AC33F-4ED0-4FD3-91A4-3AEB20F04316}.Debug|Any CPU.ActiveCfg = Debug|Any CPU
		{E10AC33F-4ED0-4FD3-91A4-3AEB20F04316}.Debug|Any CPU.Build.0 = Debug|Any CPU
		{E10AC33F-4ED0-4FD3-91A4-3AEB20F04316}.Debug|x64.ActiveCfg = Debug|Any CPU
		{E10AC33F-4ED0-4FD3-91A4-3AEB20F04316}.Debug|x64.Build.0 = Debug|Any CPU
		{E10AC33F-4ED0-4FD3-91A4-3AEB20F04316}.Debug|x86.ActiveCfg = Debug|Any CPU
		{E10AC33F-4ED0-4FD3-91A4-3AEB20F04316}.Debug|x86.Build.0 = Debug|Any CPU
		{E10AC33F-4ED0-4FD3-91A4-3AEB20F04316}.Release|Any CPU.ActiveCfg = Release|Any CPU
		{E10AC33F-4ED0-4FD3-91A4-3AEB20F04316}.Release|Any CPU.Build.0 = Release|Any CPU
		{E10AC33F-4ED0-4FD3-91A4-3AEB20F04316}.Release|x64.ActiveCfg = Release|Any CPU
		{E10AC33F-4ED0-4FD3-91A4-3AEB20F04316}.Release|x64.Build.0 = Release|Any CPU
		{E10AC33F-4ED0-4FD3-91A4-3AEB20F04316}.Release|x86.ActiveCfg = Release|Any CPU
		{E10AC33F-4ED0-4FD3-91A4-3AEB20F04316}.Release|x86.Build.0 = Release|Any CPU
	EndGlobalSection
EndGlobal
